{
  "name": "server",
  "version": "1.0.0",
  "lockfileVersion": 3,
  "requires": true,
  "packages": {
    "": {
      "name": "server",
      "version": "1.0.0",
      "license": "ISC",
      "dependencies": {
        "ws": "^1.1.1"
      }
    },
    "node_modules/options": {
      "version": "0.0.6",
      "engines": {
        "node": ">=0.4.0"
      }
    },
    "node_modules/ultron": {
      "version": "1.0.2",
      "license": "MIT"
    },
    "node_modules/ws": {
      "version": "1.1.1",
      "license": "MIT",
      "dependencies": {
        "options": ">=0.0.5",
        "ultron": "1.0.x"
      }
    }
  }
}
